
Microsoft Visual Studio Solution File, Format Version 12.00
# Visual Studio 15
VisualStudioVersion = 15.0.26124.0
MinimumVisualStudioVersion = 15.0.26124.0
Project("{FAE04EC0-301F-11D3-BF4B-00C04F79EFBC}") = "Data", "Data\Data.csproj", "{DB2AAD8E-A0F1-40E7-A16E-61309DB5FBDE}"
EndProject
Project("{FAE04EC0-301F-11D3-BF4B-00C04F79EFBC}") = "EFCore.NamingConventions", "EFCore.NamingConventions\EFCore.NamingConventions.csproj", "{47DA62C4-CAA6-44DE-9993-11A488AC9531}"
EndProject
Global
	GlobalSection(SolutionConfigurationPlatforms) = preSolution
		Debug|Any CPU = Debug|Any CPU
		Debug|x64 = Debug|x64
		Debug|x86 = Debug|x86
		Release|Any CPU = Release|Any CPU
		Release|x64 = Release|x64
		Release|x86 = Release|x86
	EndGlobalSection
	GlobalSection(SolutionProperties) = preSolution
		HideSolutionNode = FALSE
	EndGlobalSection
	GlobalSection(ProjectConfigurationPlatforms) = postSolution
		{DB2AAD8E-A0F1-40E7-A16E-61309DB5FBDE}.Debug|Any CPU.ActiveCfg = Debug|Any CPU
		{DB2AAD8E-A0F1-40E7-A16E-61309DB5FBDE}.Debug|Any CPU.Build.0 = Debug|Any CPU
		{DB2AAD8E-A0F1-40E7-A16E-61309DB5FBDE}.Debug|x64.ActiveCfg = Debug|Any CPU
		{DB2AAD8E-A0F1-40E7-A16E-61309DB5FBDE}.Debug|x64.Build.0 = Debug|Any CPU
		{DB2AAD8E-A0F1-40E7-A16E-61309DB5FBDE}.Debug|x86.ActiveCfg = Debug|Any CPU
		{DB2AAD8E-A0F1-40E7-A16E-61309DB5FBDE}.Debug|x86.Build.0 = Debug|Any CPU
		{DB2AAD8E-A0F1-40E7-A16E-61309DB5FBDE}.Release|Any CPU.ActiveCfg = Release|Any CPU
		{DB2AAD8E-A0F1-40E7-A16E-61309DB5FBDE}.Release|Any CPU.Build.0 = Release|Any CPU
		{DB2AAD8E-A0F1-40E7-A16E-61309DB5FBDE}.Release|x64.ActiveCfg = Release|Any CPU
		{DB2AAD8E-A0F1-40E7-A16E-61309DB5FBDE}.Release|x64.Build.0 = Release|Any CPU
		{DB2AAD8E-A0F1-40E7-A16E-61309DB5FBDE}.Release|x86.ActiveCfg = Release|Any CPU
		{DB2AAD8E-A0F1-40E7-A16E-61309DB5FBDE}.Release|x86.Build.0 = Release|Any CPU
		{47DA62C4-CAA6-44DE-9993-11A488AC9531}.Debug|Any CPU.ActiveCfg = Debug|Any CPU
		{47DA62C4-CAA6-44DE-9993-11A488AC9531}.Debug|Any CPU.Build.0 = Debug|Any CPU
		{47DA62C4-CAA6-44DE-9993-11A488AC9531}.Debug|x64.ActiveCfg = Debug|Any CPU
		{47DA62C4-CAA6-44DE-9993-11A488AC9531}.Debug|x64.Build.0 = Debug|Any CPU
		{47DA62C4-CAA6-44DE-9993-11A488AC9531}.Debug|x86.ActiveCfg = Debug|Any CPU
		{47DA62C4-CAA6-44DE-9993-11A488AC9531}.Debug|x86.Build.0 = Debug|Any CPU
		{47DA62C4-CAA6-44DE-9993-11A488AC9531}.Release|Any CPU.ActiveCfg = Release|Any CPU
		{47DA62C4-CAA6-44DE-9993-11A488AC9531}.Release|Any CPU.Build.0 = Release|Any CPU
		{47DA62C4-CAA6-44DE-9993-11A488AC9531}.Release|x64.ActiveCfg = Release|Any CPU
		{47DA62C4-CAA6-44DE-9993-11A488AC9531}.Release|x64.Build.0 = Release|Any CPU
		{47DA62C4-CAA6-44DE-9993-11A488AC9531}.Release|x86.ActiveCfg = Release|Any CPU
		{47DA62C4-CAA6-44DE-9993-11A488AC9531}.Release|x86.Build.0 = Release|Any CPU
	EndGlobalSection
EndGlobal
